
Microsoft Visual Studio Solution File, Format Version 12.00
# Visual Studio Version 16
VisualStudioVersion = 16.0.30611.23
MinimumVisualStudioVersion = 10.0.40219.1
Project("{9A19103F-16F7-4668-BE54-9A1E7A4F7556}") = "IdentityApp", "IdentityApp\IdentityApp.csproj", "{0ACB3EAD-EF5E-466E-8196-2EABD9AA7BF6}"
EndProject
Global
	GlobalSection(SolutionConfigurationPlatforms) = preSolution
		Debug|Any CPU = Debug|Any CPU
		Release|Any CPU = Release|Any CPU
	EndGlobalSection
	GlobalSection(ProjectConfigurationPlatforms) = postSolution
		{0ACB3EAD-EF5E-466E-8196-2EABD9AA7BF6}.Debug|Any CPU.ActiveCfg = Debug|Any CPU
		{0ACB3EAD-EF5E-466E-8196-2EABD9AA7BF6}.Debug|Any CPU.Build.0 = Debug|Any CPU
		{0ACB3EAD-EF5E-466E-8196-2EABD9AA7BF6}.Release|Any CPU.ActiveCfg = Release|Any CPU
		{0ACB3EAD-EF5E-466E-8196-2EABD9AA7BF6}.Release|Any CPU.Build.0 = Release|Any CPU
	EndGlobalSection
	GlobalSection(SolutionProperties) = preSolution
		HideSolutionNode = FALSE
	EndGlobalSection
	GlobalSection(ExtensibilityGlobals) = postSolution
		SolutionGuid = {0635F337-559A-4CE1-B077-3F14B45D29E2}
	EndGlobalSection
EndGlobal
